
Microsoft Visual Studio Solution File, Format Version 12.00
# Visual Studio Version 16
VisualStudioVersion = 25.0.1703.8
MinimumVisualStudioVersion = 10.0.40219.1
Project("{FAE04EC0-301F-11D3-BF4B-00C04F79EFBC}") = "Championship", "Championship\Championship.csproj", "{95FC64C7-0C44-4171-8D9D-787DC6470891}"
EndProject
Global
	GlobalSection(SolutionConfigurationPlatforms) = preSolution
		Debug|Any CPU = Debug|Any CPU
		Release|Any CPU = Release|Any CPU
	EndGlobalSection
	GlobalSection(ProjectConfigurationPlatforms) = postSolution
		{95FC64C7-0C44-4171-8D9D-787DC6470891}.Debug|Any CPU.ActiveCfg = Debug|Any CPU
		{95FC64C7-0C44-4171-8D9D-787DC6470891}.Debug|Any CPU.Build.0 = Debug|Any CPU
		{95FC64C7-0C44-4171-8D9D-787DC6470891}.Release|Any CPU.ActiveCfg = Release|Any CPU
		{95FC64C7-0C44-4171-8D9D-787DC6470891}.Release|Any CPU.Build.0 = Release|Any CPU
	EndGlobalSection
	GlobalSection(SolutionProperties) = preSolution
		HideSolutionNode = FALSE
	EndGlobalSection
	GlobalSection(ExtensibilityGlobals) = postSolution
		SolutionGuid = {23E50EBB-A59E-4967-8D4B-19F6484D6681}
	EndGlobalSection
EndGlobal
